// !$*UTF8*$!
{
	archiveVersion = 1;
	classes = {
	};
	objectVersion = 50;
	objects = {

/* Begin PBXBuildFile section */
		3A2BDAFE243690D200EC2D5D /* Color Extension.swift in Sources */ = {isa = PBXBuildFile; fileRef = 3A2BDAFD243690D200EC2D5D /* Color Extension.swift */; };
		3A2BDB022436917B00EC2D5D /* RowView.swift in Sources */ = {isa = PBXBuildFile; fileRef = 3A2BDB012436917B00EC2D5D /* RowView.swift */; };
		3A2BDB072436921F00EC2D5D /* QuestionView.swift in Sources */ = {isa = PBXBuildFile; fileRef = 3A2BDB062436921F00EC2D5D /* QuestionView.swift */; };
		3A2BDB092436923500EC2D5D /* AnswerView.swift in Sources */ = {isa = PBXBuildFile; fileRef = 3A2BDB082436923500EC2D5D /* AnswerView.swift */; };
		3A3ED390243B586C006B8FC9 /* Question Card.xcdatamodeld in Sources */ = {isa = PBXBuildFile; fileRef = 3A3ED38E243B586C006B8FC9 /* Question Card.xcdatamodeld */; };
		3A4A85A42426B9E200F0A63F /* AppDelegate.swift in Sources */ = {isa = PBXBuildFile; fileRef = 3A4A85A32426B9E200F0A63F /* AppDelegate.swift */; };
		3A4A85A62426B9E200F0A63F /* SceneDelegate.swift in Sources */ = {isa = PBXBuildFile; fileRef = 3A4A85A52426B9E200F0A63F /* SceneDelegate.swift */; };
		3A4A85A82426B9E200F0A63F /* HomeView.swift in Sources */ = {isa = PBXBuildFile; fileRef = 3A4A85A72426B9E200F0A63F /* HomeView.swift */; };
		3A4A85AA2426B9E400F0A63F /* Assets.xcassets in Resources */ = {isa = PBXBuildFile; fileRef = 3A4A85A92426B9E400F0A63F /* Assets.xcassets */; };
		3A4A85AD2426B9E400F0A63F /* Preview Assets.xcassets in Resources */ = {isa = PBXBuildFile; fileRef = 3A4A85AC2426B9E400F0A63F /* Preview Assets.xcassets */; };
		3A4A85B02426B9E400F0A63F /* LaunchScreen.storyboard in Resources */ = {isa = PBXBuildFile; fileRef = 3A4A85AE2426B9E400F0A63F /* LaunchScreen.storyboard */; };
		3A4A85B82426BA5300F0A63F /* EducationView.swift in Sources */ = {isa = PBXBuildFile; fileRef = 3A4A85B72426BA5300F0A63F /* EducationView.swift */; };
		3A4A85BA2426BA7900F0A63F /* ResultView.swift in Sources */ = {isa = PBXBuildFile; fileRef = 3A4A85B92426BA7900F0A63F /* ResultView.swift */; };
		3AD59ACA2438AB3600771B35 /* CreateView.swift in Sources */ = {isa = PBXBuildFile; fileRef = 3AD59AC92438AB3600771B35 /* CreateView.swift */; };
/* End PBXBuildFile section */

/* Begin PBXFileReference section */
		3A2BDAFD243690D200EC2D5D /* Color Extension.swift */ = {isa = PBXFileReference; lastKnownFileType = sourcecode.swift; path = "Color Extension.swift"; sourceTree = "<group>"; };
		3A2BDB012436917B00EC2D5D /* RowView.swift */ = {isa = PBXFileReference; lastKnownFileType = sourcecode.swift; path = RowView.swift; sourceTree = "<group>"; };
		3A2BDB062436921F00EC2D5D /* QuestionView.swift */ = {isa = PBXFileReference; lastKnownFileType = sourcecode.swift; path = QuestionView.swift; sourceTree = "<group>"; };
		3A2BDB082436923500EC2D5D /* AnswerView.swift */ = {isa = PBXFileReference; lastKnownFileType = sourcecode.swift; path = AnswerView.swift; sourceTree = "<group>"; };
		3A3ED38F243B586C006B8FC9 /* Question Card.xcdatamodel */ = {isa = PBXFileReference; lastKnownFileType = wrapper.xcdatamodel; path = "Question Card.xcdatamodel"; sourceTree = "<group>"; };
		3A4A85A02426B9E200F0A63F /* Question Card.app */ = {isa = PBXFileReference; explicitFileType = wrapper.application; includeInIndex = 0; path = "Question Card.app"; sourceTree = BUILT_PRODUCTS_DIR; };
		3A4A85A32426B9E200F0A63F /* AppDelegate.swift */ = {isa = PBXFileReference; lastKnownFileType = sourcecode.swift; path = AppDelegate.swift; sourceTree = "<group>"; };
		3A4A85A52426B9E200F0A63F /* SceneDelegate.swift */ = {isa = PBXFileReference; lastKnownFileType = sourcecode.swift; path = SceneDelegate.swift; sourceTree = "<group>"; };
		3A4A85A72426B9E200F0A63F /* HomeView.swift */ = {isa = PBXFileReference; lastKnownFileType = sourcecode.swift; path = HomeView.swift; sourceTree = "<group>"; };
		3A4A85A92426B9E400F0A63F /* Assets.xcassets */ = {isa = PBXFileReference; lastKnownFileType = folder.assetcatalog; path = Assets.xcassets; sourceTree = "<group>"; };
		3A4A85AC2426B9E400F0A63F /* Preview Assets.xcassets */ = {isa = PBXFileReference; lastKnownFileType = folder.assetcatalog; path = "Preview Assets.xcassets"; sourceTree = "<group>"; };
		3A4A85AF2426B9E400F0A63F /* Base */ = {isa = PBXFileReference; lastKnownFileType = file.storyboard; name = Base; path = Base.lproj/LaunchScreen.storyboard; sourceTree = "<group>"; };
		3A4A85B12426B9E400F0A63F /* Info.plist */ = {isa = PBXFileReference; lastKnownFileType = text.plist.xml; path = Info.plist; sourceTree = "<group>"; };
		3A4A85B72426BA5300F0A63F /* EducationView.swift */ = {isa = PBXFileReference; lastKnownFileType = sourcecode.swift; path = EducationView.swift; sourceTree = "<group>"; };
		3A4A85B92426BA7900F0A63F /* ResultView.swift */ = {isa = PBXFileReference; lastKnownFileType = sourcecode.swift; path = ResultView.swift; sourceTree = "<group>"; };
		3AD59AC92438AB3600771B35 /* CreateView.swift */ = {isa = PBXFileReference; lastKnownFileType = sourcecode.swift; path = CreateView.swift; sourceTree = "<group>"; };
/* End PBXFileReference section */

/* Begin PBXFrameworksBuildPhase section */
		3A4A859D2426B9E200F0A63F /* Frameworks */ = {
			isa = PBXFrameworksBuildPhase;
			buildActionMask = 2147483647;
			files = (
			);
			runOnlyForDeploymentPostprocessing = 0;
		};
/* End PBXFrameworksBuildPhase section */

/* Begin PBXGroup section */
		3A2BDAFB2436908900EC2D5D /* Support */ = {
			isa = PBXGroup;
			children = (
				3A4A85A32426B9E200F0A63F /* AppDelegate.swift */,
				3A4A85A52426B9E200F0A63F /* SceneDelegate.swift */,
				3A4A85A92426B9E400F0A63F /* Assets.xcassets */,
				3A4A85AE2426B9E400F0A63F /* LaunchScreen.storyboard */,
				3A4A85B12426B9E400F0A63F /* Info.plist */,
				3A3ED38E243B586C006B8FC9 /* Question Card.xcdatamodeld */,
			);
			path = Support;
			sourceTree = "<group>";
		};
		3A2BDAFC243690B800EC2D5D /* Extensions */ = {
			isa = PBXGroup;
			children = (
				3A2BDAFD243690D200EC2D5D /* Color Extension.swift */,
			);
			path = Extensions;
			sourceTree = "<group>";
		};
		3A2BDAFF243690F900EC2D5D /* Screens */ = {
			isa = PBXGroup;
			children = (
				3A4A85A72426B9E200F0A63F /* HomeView.swift */,
				3AD59AC92438AB3600771B35 /* CreateView.swift */,
				3A4A85B72426BA5300F0A63F /* EducationView.swift */,
				3A4A85B92426BA7900F0A63F /* ResultView.swift */,
			);
			path = Screens;
			sourceTree = "<group>";
		};
		3A2BDB002436915A00EC2D5D /* Custom Views */ = {
			isa = PBXGroup;
			children = (
				3A2BDB012436917B00EC2D5D /* RowView.swift */,
				3A2BDB062436921F00EC2D5D /* QuestionView.swift */,
				3A2BDB082436923500EC2D5D /* AnswerView.swift */,
			);
			path = "Custom Views";
			sourceTree = "<group>";
		};
		3A4A85972426B9E200F0A63F = {
			isa = PBXGroup;
			children = (
				3A4A85A22426B9E200F0A63F /* Question Card */,
				3A4A85A12426B9E200F0A63F /* Products */,
			);
			sourceTree = "<group>";
		};
		3A4A85A12426B9E200F0A63F /* Products */ = {
			isa = PBXGroup;
			children = (
				3A4A85A02426B9E200F0A63F /* Question Card.app */,
			);
			name = Products;
			sourceTree = "<group>";
		};
		3A4A85A22426B9E200F0A63F /* Question Card */ = {
			isa = PBXGroup;
			children = (
				3A2BDAFB2436908900EC2D5D /* Support */,
				3A2BDAFF243690F900EC2D5D /* Screens */,
				3A2BDB002436915A00EC2D5D /* Custom Views */,
				3A2BDAFC243690B800EC2D5D /* Extensions */,
				3A4A85AB2426B9E400F0A63F /* Preview Content */,
			);
			path = "Question Card";
			sourceTree = "<group>";
		};
		3A4A85AB2426B9E400F0A63F /* Preview Content */ = {
			isa = PBXGroup;
			children = (
				3A4A85AC2426B9E400F0A63F /* Preview Assets.xcassets */,
			);
			path = "Preview Content";
			sourceTree = "<group>";
		};
/* End PBXGroup section */

/* Begin PBXNativeTarget section */
		3A4A859F2426B9E200F0A63F /* Question Card */ = {
			isa = PBXNativeTarget;
			buildConfigurationList = 3A4A85B42426B9E400F0A63F /* Build configuration list for PBXNativeTarget "Question Card" */;
			buildPhases = (
				3A4A859C2426B9E200F0A63F /* Sources */,
				3A4A859D2426B9E200F0A63F /* Frameworks */,
				3A4A859E2426B9E200F0A63F /* Resources */,
			);
			buildRules = (
			);
			dependencies = (
			);
			name = "Question Card";
			productName = "Question Card";
			productReference = 3A4A85A02426B9E200F0A63F /* Question Card.app */;
			productType = "com.apple.product-type.application";
		};
/* End PBXNativeTarget section */

/* Begin PBXProject section */
		3A4A85982426B9E200F0A63F /* Project object */ = {
			isa = PBXProject;
			attributes = {
				LastSwiftUpdateCheck = 1130;
				LastUpgradeCheck = 1130;
				ORGANIZATIONNAME = "Can Balkaya";
				TargetAttributes = {
					3A4A859F2426B9E200F0A63F = {
						CreatedOnToolsVersion = 11.3.1;
					};
				};
			};
			buildConfigurationList = 3A4A859B2426B9E200F0A63F /* Build configuration list for PBXProject "Question Card" */;
			compatibilityVersion = "Xcode 9.3";
			developmentRegion = en;
			hasScannedForEncodings = 0;
			knownRegions = (
				en,
				Base,
			);
			mainGroup = 3A4A85972426B9E200F0A63F;
			productRefGroup = 3A4A85A12426B9E200F0A63F /* Products */;
			projectDirPath = "";
			projectRoot = "";
			targets = (
				3A4A859F2426B9E200F0A63F /* Question Card */,
			);
		};
/* End PBXProject section */

/* Begin PBXResourcesBuildPhase section */
		3A4A859E2426B9E200F0A63F /* Resources */ = {
			isa = PBXResourcesBuildPhase;
			buildActionMask = 2147483647;
			files = (
				3A4A85B02426B9E400F0A63F /* LaunchScreen.storyboard in Resources */,
				3A4A85AD2426B9E400F0A63F /* Preview Assets.xcassets in Resources */,
				3A4A85AA2426B9E400F0A63F /* Assets.xcassets in Resources */,
			);
			runOnlyForDeploymentPostprocessing = 0;
		};
/* End PBXResourcesBuildPhase section */

/* Begin PBXSourcesBuildPhase section */
		3A4A859C2426B9E200F0A63F /* Sources */ = {
			isa = PBXSourcesBuildPhase;
			buildActionMask = 2147483647;
			files = (
				3A4A85B82426BA5300F0A63F /* EducationView.swift in Sources */,
				3A2BDB072436921F00EC2D5D /* QuestionView.swift in Sources */,
				3A2BDB092436923500EC2D5D /* AnswerView.swift in Sources */,
				3A4A85A42426B9E200F0A63F /* AppDelegate.swift in Sources */,
				3A2BDB022436917B00EC2D5D /* RowView.swift in Sources */,
				3A2BDAFE243690D200EC2D5D /* Color Extension.swift in Sources */,
				3A3ED390243B586C006B8FC9 /* Question Card.xcdatamodeld in Sources */,
				3AD59ACA2438AB3600771B35 /* CreateView.swift in Sources */,
				3A4A85BA2426BA7900F0A63F /* ResultView.swift in Sources */,
				3A4A85A62426B9E200F0A63F /* SceneDelegate.swift in Sources */,
				3A4A85A82426B9E200F0A63F /* HomeView.swift in Sources */,
			);
			runOnlyForDeploymentPostprocessing = 0;
		};
/* End PBXSourcesBuildPhase section */

/* Begin PBXVariantGroup section */
		3A4A85AE2426B9E400F0A63F /* LaunchScreen.storyboard */ = {
			isa = PBXVariantGroup;
			children = (
				3A4A85AF2426B9E400F0A63F /* Base */,
			);
			name = LaunchScreen.storyboard;
			sourceTree = "<group>";
		};
/* End PBXVariantGroup section */

/* Begin XCBuildConfiguration section */
		3A4A85B22426B9E400F0A63F /* Debug */ = {
			isa = XCBuildConfiguration;
			buildSettings = {
				ALWAYS_SEARCH_USER_PATHS = NO;
				CLANG_ANALYZER_NONNULL = YES;
				CLANG_ANALYZER_NUMBER_OBJECT_CONVERSION = YES_AGGRESSIVE;
				CLANG_CXX_LANGUAGE_STANDARD = "gnu++14";
				CLANG_CXX_LIBRARY = "libc++";
				CLANG_ENABLE_MODULES = YES;
				CLANG_ENABLE_OBJC_ARC = YES;
				CLANG_ENABLE_OBJC_WEAK = YES;
				CLANG_WARN_BLOCK_CAPTURE_AUTORELEASING = YES;
				CLANG_WARN_BOOL_CONVERSION = YES;
				CLANG_WARN_COMMA = YES;
				CLANG_WARN_CONSTANT_CONVERSION = YES;
				CLANG_WARN_DEPRECATED_OBJC_IMPLEMENTATIONS = YES;
				CLANG_WARN_DIRECT_OBJC_ISA_USAGE = YES_ERROR;
				CLANG_WARN_DOCUMENTATION_COMMENTS = YES;
				CLANG_WARN_EMPTY_BODY = YES;
				CLANG_WARN_ENUM_CONVERSION = YES;
				CLANG_WARN_INFINITE_RECURSION = YES;
				CLANG_WARN_INT_CONVERSION = YES;
				CLANG_WARN_NON_LITERAL_NULL_CONVERSION = YES;
				CLANG_WARN_OBJC_IMPLICIT_RETAIN_SELF = YES;
				CLANG_WARN_OBJC_LITERAL_CONVERSION = YES;
				CLANG_WARN_OBJC_ROOT_CLASS = YES_ERROR;
				CLANG_WARN_RANGE_LOOP_ANALYSIS = YES;
				CLANG_WARN_STRICT_PROTOTYPES = YES;
				CLANG_WARN_SUSPICIOUS_MOVE = YES;
				CLANG_WARN_UNGUARDED_AVAILABILITY = YES_AGGRESSIVE;
				CLANG_WARN_UNREACHABLE_CODE = YES;
				CLANG_WARN__DUPLICATE_METHOD_MATCH = YES;
				COPY_PHASE_STRIP = NO;
				DEBUG_INFORMATION_FORMAT = dwarf;
				ENABLE_STRICT_OBJC_MSGSEND = YES;
				ENABLE_TESTABILITY = YES;
				GCC_C_LANGUAGE_STANDARD = gnu11;
				GCC_DYNAMIC_NO_PIC = NO;
				GCC_NO_COMMON_BLOCKS = YES;
				GCC_OPTIMIZATION_LEVEL = 0;
				GCC_PREPROCESSOR_DEFINITIONS = (
					"DEBUG=1",
					"$(inherited)",
				);
				GCC_WARN_64_TO_32_BIT_CONVERSION = YES;
				GCC_WARN_ABOUT_RETURN_TYPE = YES_ERROR;
				GCC_WARN_UNDECLARED_SELECTOR = YES;
				GCC_WARN_UNINITIALIZED_AUTOS = YES_AGGRESSIVE;
				GCC_WARN_UNUSED_FUNCTION = YES;
				GCC_WARN_UNUSED_VARIABLE = YES;
				IPHONEOS_DEPLOYMENT_TARGET = 13.2;
				MTL_ENABLE_DEBUG_INFO = INCLUDE_SOURCE;
				MTL_FAST_MATH = YES;
				ONLY_ACTIVE_ARCH = YES;
				SDKROOT = iphoneos;
				SWIFT_ACTIVE_COMPILATION_CONDITIONS = DEBUG;
				SWIFT_OPTIMIZATION_LEVEL = "-Onone";
			};
			name = Debug;
		};
		3A4A85B32426B9E400F0A63F /* Release */ = {
			isa = XCBuildConfiguration;
			buildSettings = {
				ALWAYS_SEARCH_USER_PATHS = NO;
				CLANG_ANALYZER_NONNULL = YES;
				CLANG_ANALYZER_NUMBER_OBJECT_CONVERSION = YES_AGGRESSIVE;
				CLANG_CXX_LANGUAGE_STANDARD = "gnu++14";
				CLANG_CXX_LIBRARY = "libc++";
				CLANG_ENABLE_MODULES = YES;
				CLANG_ENABLE_OBJC_ARC = YES;
				CLANG_ENABLE_OBJC_WEAK = YES;
				CLANG_WARN_BLOCK_CAPTURE_AUTORELEASING = YES;
				CLANG_WARN_BOOL_CONVERSION = YES;
				CLANG_WARN_COMMA = YES;
				CLANG_WARN_CONSTANT_CONVERSION = YES;
				CLANG_WARN_DEPRECATED_OBJC_IMPLEMENTATIONS = YES;
				CLANG_WARN_DIRECT_OBJC_ISA_USAGE = YES_ERROR;
				CLANG_WARN_DOCUMENTATION_COMMENTS = YES;
				CLANG_WARN_EMPTY_BODY = YES;
				CLANG_WARN_ENUM_CONVERSION = YES;
				CLANG_WARN_INFINITE_RECURSION = YES;
				CLANG_WARN_INT_CONVERSION = YES;
				CLANG_WARN_NON_LITERAL_NULL_CONVERSION = YES;
				CLANG_WARN_OBJC_IMPLICIT_RETAIN_SELF = YES;
				CLANG_WARN_OBJC_LITERAL_CONVERSION = YES;
				CLANG_WARN_OBJC_ROOT_CLASS = YES_ERROR;
				CLANG_WARN_RANGE_LOOP_ANALYSIS = YES;
				CLANG_WARN_STRICT_PROTOTYPES = YES;
				CLANG_WARN_SUSPICIOUS_MOVE = YES;
				CLANG_WARN_UNGUARDED_AVAILABILITY = YES_AGGRESSIVE;
				CLANG_WARN_UNREACHABLE_CODE = YES;
				CLANG_WARN__DUPLICATE_METHOD_MATCH = YES;
				COPY_PHASE_STRIP = NO;
				DEBUG_INFORMATION_FORMAT = "dwarf-with-dsym";
				ENABLE_NS_ASSERTIONS = NO;
				ENABLE_STRICT_OBJC_MSGSEND = YES;
				GCC_C_LANGUAGE_STANDARD = gnu11;
				GCC_NO_COMMON_BLOCKS = YES;
				GCC_WARN_64_TO_32_BIT_CONVERSION = YES;
				GCC_WARN_ABOUT_RETURN_TYPE = YES_ERROR;
				GCC_WARN_UNDECLARED_SELECTOR = YES;
				GCC_WARN_UNINITIALIZED_AUTOS = YES_AGGRESSIVE;
				GCC_WARN_UNUSED_FUNCTION = YES;
				GCC_WARN_UNUSED_VARIABLE = YES;
				IPHONEOS_DEPLOYMENT_TARGET = 13.2;
				MTL_ENABLE_DEBUG_INFO = NO;
				MTL_FAST_MATH = YES;
				SDKROOT = iphoneos;
				SWIFT_COMPILATION_MODE = wholemodule;
				SWIFT_OPTIMIZATION_LEVEL = "-O";
				VALIDATE_PRODUCT = YES;
			};
			name = Release;
		};
		3A4A85B52426B9E400F0A63F /* Debug */ = {
			isa = XCBuildConfiguration;
			buildSettings = {
				ASSETCATALOG_COMPILER_APPICON_NAME = AppIcon;
				CODE_SIGN_STYLE = Automatic;
				DEVELOPMENT_ASSET_PATHS = "\"Question Card/Preview Content\"";
				DEVELOPMENT_TEAM = 84X92G2X4P;
				ENABLE_PREVIEWS = YES;
				INFOPLIST_FILE = "Question Card/Support/Info.plist";
				LD_RUNPATH_SEARCH_PATHS = (
					"$(inherited)",
					"@executable_path/Frameworks",
				);
				MARKETING_VERSION = 1.2;
				PRODUCT_BUNDLE_IDENTIFIER = "CanBalkaya.Question-Card";
				PRODUCT_NAME = "$(TARGET_NAME)";
				SWIFT_VERSION = 5.0;
				TARGETED_DEVICE_FAMILY = 1;
			};
			name = Debug;
		};
		3A4A85B62426B9E400F0A63F /* Release */ = {
			isa = XCBuildConfiguration;
			buildSettings = {
				ASSETCATALOG_COMPILER_APPICON_NAME = AppIcon;
				CODE_SIGN_STYLE = Automatic;
				DEVELOPMENT_ASSET_PATHS = "\"Question Card/Preview Content\"";
				DEVELOPMENT_TEAM = 84X92G2X4P;
				ENABLE_PREVIEWS = YES;
				INFOPLIST_FILE = "Question Card/Support/Info.plist";
				LD_RUNPATH_SEARCH_PATHS = (
					"$(inherited)",
					"@executable_path/Frameworks",
				);
				MARKETING_VERSION = 1.2;
				PRODUCT_BUNDLE_IDENTIFIER = "CanBalkaya.Question-Card";
				PRODUCT_NAME = "$(TARGET_NAME)";
				SWIFT_VERSION = 5.0;
				TARGETED_DEVICE_FAMILY = 1;
			};
			name = Release;
		};
/* End XCBuildConfiguration section */

/* Begin XCConfigurationList section */
		3A4A859B2426B9E200F0A63F /* Build configuration list for PBXProject "Question Card" */ = {
			isa = XCConfigurationList;
			buildConfigurations = (
				3A4A85B22426B9E400F0A63F /* Debug */,
				3A4A85B32426B9E400F0A63F /* Release */,
			);
			defaultConfigurationIsVisible = 0;
			defaultConfigurationName = Release;
		};
		3A4A85B42426B9E400F0A63F /* Build configuration list for PBXNativeTarget "Question Card" */ = {
			isa = XCConfigurationList;
			buildConfigurations = (
				3A4A85B52426B9E400F0A63F /* Debug */,
				3A4A85B62426B9E400F0A63F /* Release */,
			);
			defaultConfigurationIsVisible = 0;
			defaultConfigurationName = Release;
		};
/* End XCConfigurationList section */

/* Begin XCVersionGroup section */
		3A3ED38E243B586C006B8FC9 /* Question Card.xcdatamodeld */ = {
			isa = XCVersionGroup;
			children = (
				3A3ED38F243B586C006B8FC9 /* Question Card.xcdatamodel */,
			);
			currentVersion = 3A3ED38F243B586C006B8FC9 /* Question Card.xcdatamodel */;
			path = "Question Card.xcdatamodeld";
			sourceTree = "<group>";
			versionGroupType = wrapper.xcdatamodel;
		};
/* End XCVersionGroup section */
	};
	rootObject = 3A4A85982426B9E200F0A63F /* Project object */;
}
